
Microsoft Visual Studio Solution File, Format Version 12.00
# Visual Studio Version 17
VisualStudioVersion = 17.7.34003.232
MinimumVisualStudioVersion = 10.0.40219.1
Project("{FAE04EC0-301F-11D3-BF4B-00C04F79EFBC}") = "FirstTestProAug14th", "FirstTestProAug14th.csproj", "{AE743456-EBC1-41CF-B8CC-575B7AEBABED}"
EndProject
Project("{FAE04EC0-301F-11D3-BF4B-00C04F79EFBC}") = "TestProAug14th", "..\TestProAug14th\TestProAug14th.csproj", "{4715ABCB-27BF-47E0-90C2-212FD14E15E4}"
EndProject
Global
	GlobalSection(SolutionConfigurationPlatforms) = preSolution
		Debug|Any CPU = Debug|Any CPU
		Release|Any CPU = Release|Any CPU
	EndGlobalSection
	GlobalSection(ProjectConfigurationPlatforms) = postSolution
		{AE743456-EBC1-41CF-B8CC-575B7AEBABED}.Debug|Any CPU.ActiveCfg = Debug|Any CPU
		{AE743456-EBC1-41CF-B8CC-575B7AEBABED}.Debug|Any CPU.Build.0 = Debug|Any CPU
		{AE743456-EBC1-41CF-B8CC-575B7AEBABED}.Release|Any CPU.ActiveCfg = Release|Any CPU
		{AE743456-EBC1-41CF-B8CC-575B7AEBABED}.Release|Any CPU.Build.0 = Release|Any CPU
		{4715ABCB-27BF-47E0-90C2-212FD14E15E4}.Debug|Any CPU.ActiveCfg = Debug|Any CPU
		{4715ABCB-27BF-47E0-90C2-212FD14E15E4}.Debug|Any CPU.Build.0 = Debug|Any CPU
		{4715ABCB-27BF-47E0-90C2-212FD14E15E4}.Release|Any CPU.ActiveCfg = Release|Any CPU
		{4715ABCB-27BF-47E0-90C2-212FD14E15E4}.Release|Any CPU.Build.0 = Release|Any CPU
	EndGlobalSection
	GlobalSection(SolutionProperties) = preSolution
		HideSolutionNode = FALSE
	EndGlobalSection
	GlobalSection(ExtensibilityGlobals) = postSolution
		SolutionGuid = {4C4E6D3A-B684-4CEE-B455-F69319DE9D4B}
	EndGlobalSection
EndGlobal
