
Microsoft Visual Studio Solution File, Format Version 12.00
# Visual Studio Version 17
VisualStudioVersion = 17.7.34009.444
MinimumVisualStudioVersion = 10.0.40219.1
Project("{FAE04EC0-301F-11D3-BF4B-00C04F79EFBC}") = "WebApplication1Aug24", "WebApplication1Aug24.csproj", "{75A4016B-4C82-4506-ACE5-E079F1716FB3}"
EndProject
Global
	GlobalSection(SolutionConfigurationPlatforms) = preSolution
		Debug|Any CPU = Debug|Any CPU
		Release|Any CPU = Release|Any CPU
	EndGlobalSection
	GlobalSection(ProjectConfigurationPlatforms) = postSolution
		{75A4016B-4C82-4506-ACE5-E079F1716FB3}.Debug|Any CPU.ActiveCfg = Debug|Any CPU
		{75A4016B-4C82-4506-ACE5-E079F1716FB3}.Debug|Any CPU.Build.0 = Debug|Any CPU
		{75A4016B-4C82-4506-ACE5-E079F1716FB3}.Release|Any CPU.ActiveCfg = Release|Any CPU
		{75A4016B-4C82-4506-ACE5-E079F1716FB3}.Release|Any CPU.Build.0 = Release|Any CPU
	EndGlobalSection
	GlobalSection(SolutionProperties) = preSolution
		HideSolutionNode = FALSE
	EndGlobalSection
	GlobalSection(ExtensibilityGlobals) = postSolution
		SolutionGuid = {1A697EDD-3F50-435A-8B1B-3E2CD2074A26}
	EndGlobalSection
EndGlobal
